
Microsoft Visual Studio Solution File, Format Version 12.00
# Visual Studio Version 16
VisualStudioVersion = 16.0.30804.86
MinimumVisualStudioVersion = 10.0.40219.1
Project("{FAE04EC0-301F-11D3-BF4B-00C04F79EFBC}") = "HealthyCare", "HealthyCare\HealthyCare.csproj", "{813366A5-0844-4BC0-B80A-E97D3369FF16}"
EndProject
Global
	GlobalSection(SolutionConfigurationPlatforms) = preSolution
		Debug|Any CPU = Debug|Any CPU
		Release|Any CPU = Release|Any CPU
	EndGlobalSection
	GlobalSection(ProjectConfigurationPlatforms) = postSolution
		{813366A5-0844-4BC0-B80A-E97D3369FF16}.Debug|Any CPU.ActiveCfg = Debug|Any CPU
		{813366A5-0844-4BC0-B80A-E97D3369FF16}.Debug|Any CPU.Build.0 = Debug|Any CPU
		{813366A5-0844-4BC0-B80A-E97D3369FF16}.Release|Any CPU.ActiveCfg = Release|Any CPU
		{813366A5-0844-4BC0-B80A-E97D3369FF16}.Release|Any CPU.Build.0 = Release|Any CPU
	EndGlobalSection
	GlobalSection(SolutionProperties) = preSolution
		HideSolutionNode = FALSE
	EndGlobalSection
	GlobalSection(ExtensibilityGlobals) = postSolution
		SolutionGuid = {324F5B72-ED4B-4961-848B-5764C6E8B1F0}
	EndGlobalSection
EndGlobal
